
Microsoft Visual Studio Solution File, Format Version 12.00
# Visual Studio Version 17
VisualStudioVersion = 17.6.35230.93
MinimumVisualStudioVersion = 10.0.40219.1
Project("{8BC9CEB8-8B4A-11D0-8D11-00A0C91BC942}") = "rpgtest", "rpgtest.vcxproj", "{BD091001-4D26-4E52-A36D-97557D6703CA}"
EndProject
Global
	GlobalSection(SolutionConfigurationPlatforms) = preSolution
		Debug|x64 = Debug|x64
		Debug|x86 = Debug|x86
		Release|x64 = Release|x64
		Release|x86 = Release|x86
	EndGlobalSection
	GlobalSection(ProjectConfigurationPlatforms) = postSolution
		{BD091001-4D26-4E52-A36D-97557D6703CA}.Debug|x64.ActiveCfg = Debug|x64
		{BD091001-4D26-4E52-A36D-97557D6703CA}.Debug|x64.Build.0 = Debug|x64
		{BD091001-4D26-4E52-A36D-97557D6703CA}.Debug|x86.ActiveCfg = Debug|Win32
		{BD091001-4D26-4E52-A36D-97557D6703CA}.Debug|x86.Build.0 = Debug|Win32
		{BD091001-4D26-4E52-A36D-97557D6703CA}.Release|x64.ActiveCfg = Release|x64
		{BD091001-4D26-4E52-A36D-97557D6703CA}.Release|x64.Build.0 = Release|x64
		{BD091001-4D26-4E52-A36D-97557D6703CA}.Release|x86.ActiveCfg = Release|Win32
		{BD091001-4D26-4E52-A36D-97557D6703CA}.Release|x86.Build.0 = Release|Win32
	EndGlobalSection
	GlobalSection(SolutionProperties) = preSolution
		HideSolutionNode = FALSE
	EndGlobalSection
	GlobalSection(ExtensibilityGlobals) = postSolution
		SolutionGuid = {C47CA6D9-C1A7-49A6-B1BF-B41D641E1389}
	EndGlobalSection
EndGlobal
